// !$*UTF8*$!
{
	archiveVersion = 1;
	classes = {
	};
	objectVersion = 50;
	objects = {

/* Begin PBXBuildFile section */
		5B6BB2AB24ABFEFC00105CD1 /* TableViewController.swift in Sources */ = {isa = PBXBuildFile; fileRef = 5B6BB2AA24ABFEFC00105CD1 /* TableViewController.swift */; };
		5B6BB2AF24AC042100105CD1 /* clock.png in Resources */ = {isa = PBXBuildFile; fileRef = 5B6BB2AC24AC042000105CD1 /* clock.png */; };
		5B6BB2B024AC042100105CD1 /* pencil.png in Resources */ = {isa = PBXBuildFile; fileRef = 5B6BB2AD24AC042000105CD1 /* pencil.png */; };
		5B6BB2B124AC042100105CD1 /* cart.png in Resources */ = {isa = PBXBuildFile; fileRef = 5B6BB2AE24AC042000105CD1 /* cart.png */; };
		5BEBCCA024AAACF2007D5BD6 /* AppDelegate.swift in Sources */ = {isa = PBXBuildFile; fileRef = 5BEBCC9F24AAACF2007D5BD6 /* AppDelegate.swift */; };
		5BEBCCA224AAACF2007D5BD6 /* SceneDelegate.swift in Sources */ = {isa = PBXBuildFile; fileRef = 5BEBCCA124AAACF2007D5BD6 /* SceneDelegate.swift */; };
		5BEBCCA724AAACF2007D5BD6 /* Main.storyboard in Resources */ = {isa = PBXBuildFile; fileRef = 5BEBCCA524AAACF2007D5BD6 /* Main.storyboard */; };
		5BEBCCA924AAACF3007D5BD6 /* Assets.xcassets in Resources */ = {isa = PBXBuildFile; fileRef = 5BEBCCA824AAACF3007D5BD6 /* Assets.xcassets */; };
		5BEBCCAC24AAACF3007D5BD6 /* LaunchScreen.storyboard in Resources */ = {isa = PBXBuildFile; fileRef = 5BEBCCAA24AAACF3007D5BD6 /* LaunchScreen.storyboard */; };
		5BEBCCB624AAB59C007D5BD6 /* DetailViewController.swift in Sources */ = {isa = PBXBuildFile; fileRef = 5BEBCCB524AAB59C007D5BD6 /* DetailViewController.swift */; };
		5BEBCCB824AAB5D3007D5BD6 /* AddViewController.swift in Sources */ = {isa = PBXBuildFile; fileRef = 5BEBCCB724AAB5D3007D5BD6 /* AddViewController.swift */; };
/* End PBXBuildFile section */

/* Begin PBXFileReference section */
		5B6BB2AA24ABFEFC00105CD1 /* TableViewController.swift */ = {isa = PBXFileReference; lastKnownFileType = sourcecode.swift; path = TableViewController.swift; sourceTree = "<group>"; };
		5B6BB2AC24AC042000105CD1 /* clock.png */ = {isa = PBXFileReference; lastKnownFileType = image.png; path = clock.png; sourceTree = "<group>"; };
		5B6BB2AD24AC042000105CD1 /* pencil.png */ = {isa = PBXFileReference; lastKnownFileType = image.png; path = pencil.png; sourceTree = "<group>"; };
		5B6BB2AE24AC042000105CD1 /* cart.png */ = {isa = PBXFileReference; lastKnownFileType = image.png; path = cart.png; sourceTree = "<group>"; };
		5BEBCC9C24AAACF2007D5BD6 /* Table.app */ = {isa = PBXFileReference; explicitFileType = wrapper.application; includeInIndex = 0; path = Table.app; sourceTree = BUILT_PRODUCTS_DIR; };
		5BEBCC9F24AAACF2007D5BD6 /* AppDelegate.swift */ = {isa = PBXFileReference; lastKnownFileType = sourcecode.swift; path = AppDelegate.swift; sourceTree = "<group>"; };
		5BEBCCA124AAACF2007D5BD6 /* SceneDelegate.swift */ = {isa = PBXFileReference; lastKnownFileType = sourcecode.swift; path = SceneDelegate.swift; sourceTree = "<group>"; };
		5BEBCCA624AAACF2007D5BD6 /* Base */ = {isa = PBXFileReference; lastKnownFileType = file.storyboard; name = Base; path = Base.lproj/Main.storyboard; sourceTree = "<group>"; };
		5BEBCCA824AAACF3007D5BD6 /* Assets.xcassets */ = {isa = PBXFileReference; lastKnownFileType = folder.assetcatalog; path = Assets.xcassets; sourceTree = "<group>"; };
		5BEBCCAB24AAACF3007D5BD6 /* Base */ = {isa = PBXFileReference; lastKnownFileType = file.storyboard; name = Base; path = Base.lproj/LaunchScreen.storyboard; sourceTree = "<group>"; };
		5BEBCCAD24AAACF3007D5BD6 /* Info.plist */ = {isa = PBXFileReference; lastKnownFileType = text.plist.xml; path = Info.plist; sourceTree = "<group>"; };
		5BEBCCB524AAB59C007D5BD6 /* DetailViewController.swift */ = {isa = PBXFileReference; lastKnownFileType = sourcecode.swift; path = DetailViewController.swift; sourceTree = "<group>"; };
		5BEBCCB724AAB5D3007D5BD6 /* AddViewController.swift */ = {isa = PBXFileReference; lastKnownFileType = sourcecode.swift; path = AddViewController.swift; sourceTree = "<group>"; };
/* End PBXFileReference section */

/* Begin PBXFrameworksBuildPhase section */
		5BEBCC9924AAACF2007D5BD6 /* Frameworks */ = {
			isa = PBXFrameworksBuildPhase;
			buildActionMask = 2147483647;
			files = (
			);
			runOnlyForDeploymentPostprocessing = 0;
		};
/* End PBXFrameworksBuildPhase section */

/* Begin PBXGroup section */
		5BEBCC9324AAACF2007D5BD6 = {
			isa = PBXGroup;
			children = (
				5BEBCC9E24AAACF2007D5BD6 /* Table */,
				5BEBCC9D24AAACF2007D5BD6 /* Products */,
			);
			sourceTree = "<group>";
		};
		5BEBCC9D24AAACF2007D5BD6 /* Products */ = {
			isa = PBXGroup;
			children = (
				5BEBCC9C24AAACF2007D5BD6 /* Table.app */,
			);
			name = Products;
			sourceTree = "<group>";
		};
		5BEBCC9E24AAACF2007D5BD6 /* Table */ = {
			isa = PBXGroup;
			children = (
				5B6BB2AA24ABFEFC00105CD1 /* TableViewController.swift */,
				5B6BB2AE24AC042000105CD1 /* cart.png */,
				5B6BB2AC24AC042000105CD1 /* clock.png */,
				5B6BB2AD24AC042000105CD1 /* pencil.png */,
				5BEBCCB524AAB59C007D5BD6 /* DetailViewController.swift */,
				5BEBCC9F24AAACF2007D5BD6 /* AppDelegate.swift */,
				5BEBCCA124AAACF2007D5BD6 /* SceneDelegate.swift */,
				5BEBCCB724AAB5D3007D5BD6 /* AddViewController.swift */,
				5BEBCCA524AAACF2007D5BD6 /* Main.storyboard */,
				5BEBCCA824AAACF3007D5BD6 /* Assets.xcassets */,
				5BEBCCAA24AAACF3007D5BD6 /* LaunchScreen.storyboard */,
				5BEBCCAD24AAACF3007D5BD6 /* Info.plist */,
			);
			path = Table;
			sourceTree = "<group>";
		};
/* End PBXGroup section */

/* Begin PBXNativeTarget section */
		5BEBCC9B24AAACF2007D5BD6 /* Table */ = {
			isa = PBXNativeTarget;
			buildConfigurationList = 5BEBCCB024AAACF3007D5BD6 /* Build configuration list for PBXNativeTarget "Table" */;
			buildPhases = (
				5BEBCC9824AAACF2007D5BD6 /* Sources */,
				5BEBCC9924AAACF2007D5BD6 /* Frameworks */,
				5BEBCC9A24AAACF2007D5BD6 /* Resources */,
			);
			buildRules = (
			);
			dependencies = (
			);
			name = Table;
			productName = Table;
			productReference = 5BEBCC9C24AAACF2007D5BD6 /* Table.app */;
			productType = "com.apple.product-type.application";
		};
/* End PBXNativeTarget section */

/* Begin PBXProject section */
		5BEBCC9424AAACF2007D5BD6 /* Project object */ = {
			isa = PBXProject;
			attributes = {
				LastSwiftUpdateCheck = 1140;
				LastUpgradeCheck = 1140;
				ORGANIZATIONNAME = eunGyeolLee;
				TargetAttributes = {
					5BEBCC9B24AAACF2007D5BD6 = {
						CreatedOnToolsVersion = 11.4.1;
					};
				};
			};
			buildConfigurationList = 5BEBCC9724AAACF2007D5BD6 /* Build configuration list for PBXProject "Table" */;
			compatibilityVersion = "Xcode 9.3";
			developmentRegion = en;
			hasScannedForEncodings = 0;
			knownRegions = (
				en,
				Base,
			);
			mainGroup = 5BEBCC9324AAACF2007D5BD6;
			productRefGroup = 5BEBCC9D24AAACF2007D5BD6 /* Products */;
			projectDirPath = "";
			projectRoot = "";
			targets = (
				5BEBCC9B24AAACF2007D5BD6 /* Table */,
			);
		};
/* End PBXProject section */

/* Begin PBXResourcesBuildPhase section */
		5BEBCC9A24AAACF2007D5BD6 /* Resources */ = {
			isa = PBXResourcesBuildPhase;
			buildActionMask = 2147483647;
			files = (
				5B6BB2B024AC042100105CD1 /* pencil.png in Resources */,
				5B6BB2AF24AC042100105CD1 /* clock.png in Resources */,
				5BEBCCAC24AAACF3007D5BD6 /* LaunchScreen.storyboard in Resources */,
				5BEBCCA924AAACF3007D5BD6 /* Assets.xcassets in Resources */,
				5BEBCCA724AAACF2007D5BD6 /* Main.storyboard in Resources */,
				5B6BB2B124AC042100105CD1 /* cart.png in Resources */,
			);
			runOnlyForDeploymentPostprocessing = 0;
		};
/* End PBXResourcesBuildPhase section */

/* Begin PBXSourcesBuildPhase section */
		5BEBCC9824AAACF2007D5BD6 /* Sources */ = {
			isa = PBXSourcesBuildPhase;
			buildActionMask = 2147483647;
			files = (
				5BEBCCB824AAB5D3007D5BD6 /* AddViewController.swift in Sources */,
				5BEBCCA024AAACF2007D5BD6 /* AppDelegate.swift in Sources */,
				5BEBCCA224AAACF2007D5BD6 /* SceneDelegate.swift in Sources */,
				5B6BB2AB24ABFEFC00105CD1 /* TableViewController.swift in Sources */,
				5BEBCCB624AAB59C007D5BD6 /* DetailViewController.swift in Sources */,
			);
			runOnlyForDeploymentPostprocessing = 0;
		};
/* End PBXSourcesBuildPhase section */

/* Begin PBXVariantGroup section */
		5BEBCCA524AAACF2007D5BD6 /* Main.storyboard */ = {
			isa = PBXVariantGroup;
			children = (
				5BEBCCA624AAACF2007D5BD6 /* Base */,
			);
			name = Main.storyboard;
			sourceTree = "<group>";
		};
		5BEBCCAA24AAACF3007D5BD6 /* LaunchScreen.storyboard */ = {
			isa = PBXVariantGroup;
			children = (
				5BEBCCAB24AAACF3007D5BD6 /* Base */,
			);
			name = LaunchScreen.storyboard;
			sourceTree = "<group>";
		};
/* End PBXVariantGroup section */

/* Begin XCBuildConfiguration section */
		5BEBCCAE24AAACF3007D5BD6 /* Debug */ = {
			isa = XCBuildConfiguration;
			buildSettings = {
				ALWAYS_SEARCH_USER_PATHS = NO;
				CLANG_ANALYZER_NONNULL = YES;
				CLANG_ANALYZER_NUMBER_OBJECT_CONVERSION = YES_AGGRESSIVE;
				CLANG_CXX_LANGUAGE_STANDARD = "gnu++14";
				CLANG_CXX_LIBRARY = "libc++";
				CLANG_ENABLE_MODULES = YES;
				CLANG_ENABLE_OBJC_ARC = YES;
				CLANG_ENABLE_OBJC_WEAK = YES;
				CLANG_WARN_BLOCK_CAPTURE_AUTORELEASING = YES;
				CLANG_WARN_BOOL_CONVERSION = YES;
				CLANG_WARN_COMMA = YES;
				CLANG_WARN_CONSTANT_CONVERSION = YES;
				CLANG_WARN_DEPRECATED_OBJC_IMPLEMENTATIONS = YES;
				CLANG_WARN_DIRECT_OBJC_ISA_USAGE = YES_ERROR;
				CLANG_WARN_DOCUMENTATION_COMMENTS = YES;
				CLANG_WARN_EMPTY_BODY = YES;
				CLANG_WARN_ENUM_CONVERSION = YES;
				CLANG_WARN_INFINITE_RECURSION = YES;
				CLANG_WARN_INT_CONVERSION = YES;
				CLANG_WARN_NON_LITERAL_NULL_CONVERSION = YES;
				CLANG_WARN_OBJC_IMPLICIT_RETAIN_SELF = YES;
				CLANG_WARN_OBJC_LITERAL_CONVERSION = YES;
				CLANG_WARN_OBJC_ROOT_CLASS = YES_ERROR;
				CLANG_WARN_RANGE_LOOP_ANALYSIS = YES;
				CLANG_WARN_STRICT_PROTOTYPES = YES;
				CLANG_WARN_SUSPICIOUS_MOVE = YES;
				CLANG_WARN_UNGUARDED_AVAILABILITY = YES_AGGRESSIVE;
				CLANG_WARN_UNREACHABLE_CODE = YES;
				CLANG_WARN__DUPLICATE_METHOD_MATCH = YES;
				COPY_PHASE_STRIP = NO;
				DEBUG_INFORMATION_FORMAT = dwarf;
				ENABLE_STRICT_OBJC_MSGSEND = YES;
				ENABLE_TESTABILITY = YES;
				GCC_C_LANGUAGE_STANDARD = gnu11;
				GCC_DYNAMIC_NO_PIC = NO;
				GCC_NO_COMMON_BLOCKS = YES;
				GCC_OPTIMIZATION_LEVEL = 0;
				GCC_PREPROCESSOR_DEFINITIONS = (
					"DEBUG=1",
					"$(inherited)",
				);
				GCC_WARN_64_TO_32_BIT_CONVERSION = YES;
				GCC_WARN_ABOUT_RETURN_TYPE = YES_ERROR;
				GCC_WARN_UNDECLARED_SELECTOR = YES;
				GCC_WARN_UNINITIALIZED_AUTOS = YES_AGGRESSIVE;
				GCC_WARN_UNUSED_FUNCTION = YES;
				GCC_WARN_UNUSED_VARIABLE = YES;
				IPHONEOS_DEPLOYMENT_TARGET = 13.4;
				MTL_ENABLE_DEBUG_INFO = INCLUDE_SOURCE;
				MTL_FAST_MATH = YES;
				ONLY_ACTIVE_ARCH = YES;
				SDKROOT = iphoneos;
				SWIFT_ACTIVE_COMPILATION_CONDITIONS = DEBUG;
				SWIFT_OPTIMIZATION_LEVEL = "-Onone";
			};
			name = Debug;
		};
		5BEBCCAF24AAACF3007D5BD6 /* Release */ = {
			isa = XCBuildConfiguration;
			buildSettings = {
				ALWAYS_SEARCH_USER_PATHS = NO;
				CLANG_ANALYZER_NONNULL = YES;
				CLANG_ANALYZER_NUMBER_OBJECT_CONVERSION = YES_AGGRESSIVE;
				CLANG_CXX_LANGUAGE_STANDARD = "gnu++14";
				CLANG_CXX_LIBRARY = "libc++";
				CLANG_ENABLE_MODULES = YES;
				CLANG_ENABLE_OBJC_ARC = YES;
				CLANG_ENABLE_OBJC_WEAK = YES;
				CLANG_WARN_BLOCK_CAPTURE_AUTORELEASING = YES;
				CLANG_WARN_BOOL_CONVERSION = YES;
				CLANG_WARN_COMMA = YES;
				CLANG_WARN_CONSTANT_CONVERSION = YES;
				CLANG_WARN_DEPRECATED_OBJC_IMPLEMENTATIONS = YES;
				CLANG_WARN_DIRECT_OBJC_ISA_USAGE = YES_ERROR;
				CLANG_WARN_DOCUMENTATION_COMMENTS = YES;
				CLANG_WARN_EMPTY_BODY = YES;
				CLANG_WARN_ENUM_CONVERSION = YES;
				CLANG_WARN_INFINITE_RECURSION = YES;
				CLANG_WARN_INT_CONVERSION = YES;
				CLANG_WARN_NON_LITERAL_NULL_CONVERSION = YES;
				CLANG_WARN_OBJC_IMPLICIT_RETAIN_SELF = YES;
				CLANG_WARN_OBJC_LITERAL_CONVERSION = YES;
				CLANG_WARN_OBJC_ROOT_CLASS = YES_ERROR;
				CLANG_WARN_RANGE_LOOP_ANALYSIS = YES;
				CLANG_WARN_STRICT_PROTOTYPES = YES;
				CLANG_WARN_SUSPICIOUS_MOVE = YES;
				CLANG_WARN_UNGUARDED_AVAILABILITY = YES_AGGRESSIVE;
				CLANG_WARN_UNREACHABLE_CODE = YES;
				CLANG_WARN__DUPLICATE_METHOD_MATCH = YES;
				COPY_PHASE_STRIP = NO;
				DEBUG_INFORMATION_FORMAT = "dwarf-with-dsym";
				ENABLE_NS_ASSERTIONS = NO;
				ENABLE_STRICT_OBJC_MSGSEND = YES;
				GCC_C_LANGUAGE_STANDARD = gnu11;
				GCC_NO_COMMON_BLOCKS = YES;
				GCC_WARN_64_TO_32_BIT_CONVERSION = YES;
				GCC_WARN_ABOUT_RETURN_TYPE = YES_ERROR;
				GCC_WARN_UNDECLARED_SELECTOR = YES;
				GCC_WARN_UNINITIALIZED_AUTOS = YES_AGGRESSIVE;
				GCC_WARN_UNUSED_FUNCTION = YES;
				GCC_WARN_UNUSED_VARIABLE = YES;
				IPHONEOS_DEPLOYMENT_TARGET = 13.4;
				MTL_ENABLE_DEBUG_INFO = NO;
				MTL_FAST_MATH = YES;
				SDKROOT = iphoneos;
				SWIFT_COMPILATION_MODE = wholemodule;
				SWIFT_OPTIMIZATION_LEVEL = "-O";
				VALIDATE_PRODUCT = YES;
			};
			name = Release;
		};
		5BEBCCB124AAACF3007D5BD6 /* Debug */ = {
			isa = XCBuildConfiguration;
			buildSettings = {
				ASSETCATALOG_COMPILER_APPICON_NAME = AppIcon;
				CODE_SIGN_STYLE = Automatic;
				DEVELOPMENT_TEAM = NBPZW9BU3B;
				INFOPLIST_FILE = Table/Info.plist;
				LD_RUNPATH_SEARCH_PATHS = (
					"$(inherited)",
					"@executable_path/Frameworks",
				);
				PRODUCT_BUNDLE_IDENTIFIER = "net.ho-co.Table";
				PRODUCT_NAME = "$(TARGET_NAME)";
				SWIFT_VERSION = 5.0;
				TARGETED_DEVICE_FAMILY = "1,2";
			};
			name = Debug;
		};
		5BEBCCB224AAACF3007D5BD6 /* Release */ = {
			isa = XCBuildConfiguration;
			buildSettings = {
				ASSETCATALOG_COMPILER_APPICON_NAME = AppIcon;
				CODE_SIGN_STYLE = Automatic;
				DEVELOPMENT_TEAM = NBPZW9BU3B;
				INFOPLIST_FILE = Table/Info.plist;
				LD_RUNPATH_SEARCH_PATHS = (
					"$(inherited)",
					"@executable_path/Frameworks",
				);
				PRODUCT_BUNDLE_IDENTIFIER = "net.ho-co.Table";
				PRODUCT_NAME = "$(TARGET_NAME)";
				SWIFT_VERSION = 5.0;
				TARGETED_DEVICE_FAMILY = "1,2";
			};
			name = Release;
		};
/* End XCBuildConfiguration section */

/* Begin XCConfigurationList section */
		5BEBCC9724AAACF2007D5BD6 /* Build configuration list for PBXProject "Table" */ = {
			isa = XCConfigurationList;
			buildConfigurations = (
				5BEBCCAE24AAACF3007D5BD6 /* Debug */,
				5BEBCCAF24AAACF3007D5BD6 /* Release */,
			);
			defaultConfigurationIsVisible = 0;
			defaultConfigurationName = Release;
		};
		5BEBCCB024AAACF3007D5BD6 /* Build configuration list for PBXNativeTarget "Table" */ = {
			isa = XCConfigurationList;
			buildConfigurations = (
				5BEBCCB124AAACF3007D5BD6 /* Debug */,
				5BEBCCB224AAACF3007D5BD6 /* Release */,
			);
			defaultConfigurationIsVisible = 0;
			defaultConfigurationName = Release;
		};
/* End XCConfigurationList section */
	};
	rootObject = 5BEBCC9424AAACF2007D5BD6 /* Project object */;
}
