// !$*UTF8*$!
{
	archiveVersion = 1;
	classes = {
	};
	objectVersion = 50;
	objects = {

/* Begin PBXBuildFile section */
		5BA7D90B2439FFDE00E1BE36 /* AppDelegate.swift in Sources */ = {isa = PBXBuildFile; fileRef = 5BA7D90A2439FFDE00E1BE36 /* AppDelegate.swift */; };
		5BA7D90D2439FFDE00E1BE36 /* SceneDelegate.swift in Sources */ = {isa = PBXBuildFile; fileRef = 5BA7D90C2439FFDE00E1BE36 /* SceneDelegate.swift */; };
		5BA7D90F2439FFDE00E1BE36 /* ViewController.swift in Sources */ = {isa = PBXBuildFile; fileRef = 5BA7D90E2439FFDE00E1BE36 /* ViewController.swift */; };
		5BA7D9122439FFDE00E1BE36 /* Main.storyboard in Resources */ = {isa = PBXBuildFile; fileRef = 5BA7D9102439FFDE00E1BE36 /* Main.storyboard */; };
		5BA7D9142439FFDE00E1BE36 /* Assets.xcassets in Resources */ = {isa = PBXBuildFile; fileRef = 5BA7D9132439FFDE00E1BE36 /* Assets.xcassets */; };
		5BA7D9172439FFDE00E1BE36 /* LaunchScreen.storyboard in Resources */ = {isa = PBXBuildFile; fileRef = 5BA7D9152439FFDE00E1BE36 /* LaunchScreen.storyboard */; };
		5BA7D924243A030000E1BE36 /* lamp_off.jpg in Resources */ = {isa = PBXBuildFile; fileRef = 5BA7D922243A030000E1BE36 /* lamp_off.jpg */; };
		5BA7D925243A030000E1BE36 /* lamp_on.jpg in Resources */ = {isa = PBXBuildFile; fileRef = 5BA7D923243A030000E1BE36 /* lamp_on.jpg */; };
/* End PBXBuildFile section */

/* Begin PBXFileReference section */
		5BA7D9072439FFDE00E1BE36 /* ImageView.app */ = {isa = PBXFileReference; explicitFileType = wrapper.application; includeInIndex = 0; path = ImageView.app; sourceTree = BUILT_PRODUCTS_DIR; };
		5BA7D90A2439FFDE00E1BE36 /* AppDelegate.swift */ = {isa = PBXFileReference; lastKnownFileType = sourcecode.swift; path = AppDelegate.swift; sourceTree = "<group>"; };
		5BA7D90C2439FFDE00E1BE36 /* SceneDelegate.swift */ = {isa = PBXFileReference; lastKnownFileType = sourcecode.swift; path = SceneDelegate.swift; sourceTree = "<group>"; };
		5BA7D90E2439FFDE00E1BE36 /* ViewController.swift */ = {isa = PBXFileReference; lastKnownFileType = sourcecode.swift; path = ViewController.swift; sourceTree = "<group>"; };
		5BA7D9112439FFDE00E1BE36 /* Base */ = {isa = PBXFileReference; lastKnownFileType = file.storyboard; name = Base; path = Base.lproj/Main.storyboard; sourceTree = "<group>"; };
		5BA7D9132439FFDE00E1BE36 /* Assets.xcassets */ = {isa = PBXFileReference; lastKnownFileType = folder.assetcatalog; path = Assets.xcassets; sourceTree = "<group>"; };
		5BA7D9162439FFDE00E1BE36 /* Base */ = {isa = PBXFileReference; lastKnownFileType = file.storyboard; name = Base; path = Base.lproj/LaunchScreen.storyboard; sourceTree = "<group>"; };
		5BA7D9182439FFDE00E1BE36 /* Info.plist */ = {isa = PBXFileReference; lastKnownFileType = text.plist.xml; path = Info.plist; sourceTree = "<group>"; };
		5BA7D922243A030000E1BE36 /* lamp_off.jpg */ = {isa = PBXFileReference; lastKnownFileType = image.jpeg; name = lamp_off.jpg; path = ../../../lamp_off.jpg; sourceTree = "<group>"; };
		5BA7D923243A030000E1BE36 /* lamp_on.jpg */ = {isa = PBXFileReference; lastKnownFileType = image.jpeg; name = lamp_on.jpg; path = ../../../lamp_on.jpg; sourceTree = "<group>"; };
/* End PBXFileReference section */

/* Begin PBXFrameworksBuildPhase section */
		5BA7D9042439FFDE00E1BE36 /* Frameworks */ = {
			isa = PBXFrameworksBuildPhase;
			buildActionMask = 2147483647;
			files = (
			);
			runOnlyForDeploymentPostprocessing = 0;
		};
/* End PBXFrameworksBuildPhase section */

/* Begin PBXGroup section */
		5BA7D8FE2439FFDE00E1BE36 = {
			isa = PBXGroup;
			children = (
				5BA7D9092439FFDE00E1BE36 /* ImageView */,
				5BA7D9082439FFDE00E1BE36 /* Products */,
			);
			sourceTree = "<group>";
		};
		5BA7D9082439FFDE00E1BE36 /* Products */ = {
			isa = PBXGroup;
			children = (
				5BA7D9072439FFDE00E1BE36 /* ImageView.app */,
			);
			name = Products;
			sourceTree = "<group>";
		};
		5BA7D9092439FFDE00E1BE36 /* ImageView */ = {
			isa = PBXGroup;
			children = (
				5BA7D922243A030000E1BE36 /* lamp_off.jpg */,
				5BA7D923243A030000E1BE36 /* lamp_on.jpg */,
				5BA7D90A2439FFDE00E1BE36 /* AppDelegate.swift */,
				5BA7D90C2439FFDE00E1BE36 /* SceneDelegate.swift */,
				5BA7D90E2439FFDE00E1BE36 /* ViewController.swift */,
				5BA7D9102439FFDE00E1BE36 /* Main.storyboard */,
				5BA7D9132439FFDE00E1BE36 /* Assets.xcassets */,
				5BA7D9152439FFDE00E1BE36 /* LaunchScreen.storyboard */,
				5BA7D9182439FFDE00E1BE36 /* Info.plist */,
			);
			path = ImageView;
			sourceTree = "<group>";
		};
/* End PBXGroup section */

/* Begin PBXNativeTarget section */
		5BA7D9062439FFDE00E1BE36 /* ImageView */ = {
			isa = PBXNativeTarget;
			buildConfigurationList = 5BA7D91B2439FFDE00E1BE36 /* Build configuration list for PBXNativeTarget "ImageView" */;
			buildPhases = (
				5BA7D9032439FFDE00E1BE36 /* Sources */,
				5BA7D9042439FFDE00E1BE36 /* Frameworks */,
				5BA7D9052439FFDE00E1BE36 /* Resources */,
			);
			buildRules = (
			);
			dependencies = (
			);
			name = ImageView;
			productName = ImageView;
			productReference = 5BA7D9072439FFDE00E1BE36 /* ImageView.app */;
			productType = "com.apple.product-type.application";
		};
/* End PBXNativeTarget section */

/* Begin PBXProject section */
		5BA7D8FF2439FFDE00E1BE36 /* Project object */ = {
			isa = PBXProject;
			attributes = {
				LastSwiftUpdateCheck = 1140;
				LastUpgradeCheck = 1140;
				ORGANIZATIONNAME = eunGyeolLee;
				TargetAttributes = {
					5BA7D9062439FFDE00E1BE36 = {
						CreatedOnToolsVersion = 11.4;
					};
				};
			};
			buildConfigurationList = 5BA7D9022439FFDE00E1BE36 /* Build configuration list for PBXProject "ImageView" */;
			compatibilityVersion = "Xcode 9.3";
			developmentRegion = en;
			hasScannedForEncodings = 0;
			knownRegions = (
				en,
				Base,
			);
			mainGroup = 5BA7D8FE2439FFDE00E1BE36;
			productRefGroup = 5BA7D9082439FFDE00E1BE36 /* Products */;
			projectDirPath = "";
			projectRoot = "";
			targets = (
				5BA7D9062439FFDE00E1BE36 /* ImageView */,
			);
		};
/* End PBXProject section */

/* Begin PBXResourcesBuildPhase section */
		5BA7D9052439FFDE00E1BE36 /* Resources */ = {
			isa = PBXResourcesBuildPhase;
			buildActionMask = 2147483647;
			files = (
				5BA7D9172439FFDE00E1BE36 /* LaunchScreen.storyboard in Resources */,
				5BA7D9142439FFDE00E1BE36 /* Assets.xcassets in Resources */,
				5BA7D925243A030000E1BE36 /* lamp_on.jpg in Resources */,
				5BA7D9122439FFDE00E1BE36 /* Main.storyboard in Resources */,
				5BA7D924243A030000E1BE36 /* lamp_off.jpg in Resources */,
			);
			runOnlyForDeploymentPostprocessing = 0;
		};
/* End PBXResourcesBuildPhase section */

/* Begin PBXSourcesBuildPhase section */
		5BA7D9032439FFDE00E1BE36 /* Sources */ = {
			isa = PBXSourcesBuildPhase;
			buildActionMask = 2147483647;
			files = (
				5BA7D90F2439FFDE00E1BE36 /* ViewController.swift in Sources */,
				5BA7D90B2439FFDE00E1BE36 /* AppDelegate.swift in Sources */,
				5BA7D90D2439FFDE00E1BE36 /* SceneDelegate.swift in Sources */,
			);
			runOnlyForDeploymentPostprocessing = 0;
		};
/* End PBXSourcesBuildPhase section */

/* Begin PBXVariantGroup section */
		5BA7D9102439FFDE00E1BE36 /* Main.storyboard */ = {
			isa = PBXVariantGroup;
			children = (
				5BA7D9112439FFDE00E1BE36 /* Base */,
			);
			name = Main.storyboard;
			sourceTree = "<group>";
		};
		5BA7D9152439FFDE00E1BE36 /* LaunchScreen.storyboard */ = {
			isa = PBXVariantGroup;
			children = (
				5BA7D9162439FFDE00E1BE36 /* Base */,
			);
			name = LaunchScreen.storyboard;
			sourceTree = "<group>";
		};
/* End PBXVariantGroup section */

/* Begin XCBuildConfiguration section */
		5BA7D9192439FFDE00E1BE36 /* Debug */ = {
			isa = XCBuildConfiguration;
			buildSettings = {
				ALWAYS_SEARCH_USER_PATHS = NO;
				CLANG_ANALYZER_NONNULL = YES;
				CLANG_ANALYZER_NUMBER_OBJECT_CONVERSION = YES_AGGRESSIVE;
				CLANG_CXX_LANGUAGE_STANDARD = "gnu++14";
				CLANG_CXX_LIBRARY = "libc++";
				CLANG_ENABLE_MODULES = YES;
				CLANG_ENABLE_OBJC_ARC = YES;
				CLANG_ENABLE_OBJC_WEAK = YES;
				CLANG_WARN_BLOCK_CAPTURE_AUTORELEASING = YES;
				CLANG_WARN_BOOL_CONVERSION = YES;
				CLANG_WARN_COMMA = YES;
				CLANG_WARN_CONSTANT_CONVERSION = YES;
				CLANG_WARN_DEPRECATED_OBJC_IMPLEMENTATIONS = YES;
				CLANG_WARN_DIRECT_OBJC_ISA_USAGE = YES_ERROR;
				CLANG_WARN_DOCUMENTATION_COMMENTS = YES;
				CLANG_WARN_EMPTY_BODY = YES;
				CLANG_WARN_ENUM_CONVERSION = YES;
				CLANG_WARN_INFINITE_RECURSION = YES;
				CLANG_WARN_INT_CONVERSION = YES;
				CLANG_WARN_NON_LITERAL_NULL_CONVERSION = YES;
				CLANG_WARN_OBJC_IMPLICIT_RETAIN_SELF = YES;
				CLANG_WARN_OBJC_LITERAL_CONVERSION = YES;
				CLANG_WARN_OBJC_ROOT_CLASS = YES_ERROR;
				CLANG_WARN_RANGE_LOOP_ANALYSIS = YES;
				CLANG_WARN_STRICT_PROTOTYPES = YES;
				CLANG_WARN_SUSPICIOUS_MOVE = YES;
				CLANG_WARN_UNGUARDED_AVAILABILITY = YES_AGGRESSIVE;
				CLANG_WARN_UNREACHABLE_CODE = YES;
				CLANG_WARN__DUPLICATE_METHOD_MATCH = YES;
				COPY_PHASE_STRIP = NO;
				DEBUG_INFORMATION_FORMAT = dwarf;
				ENABLE_STRICT_OBJC_MSGSEND = YES;
				ENABLE_TESTABILITY = YES;
				GCC_C_LANGUAGE_STANDARD = gnu11;
				GCC_DYNAMIC_NO_PIC = NO;
				GCC_NO_COMMON_BLOCKS = YES;
				GCC_OPTIMIZATION_LEVEL = 0;
				GCC_PREPROCESSOR_DEFINITIONS = (
					"DEBUG=1",
					"$(inherited)",
				);
				GCC_WARN_64_TO_32_BIT_CONVERSION = YES;
				GCC_WARN_ABOUT_RETURN_TYPE = YES_ERROR;
				GCC_WARN_UNDECLARED_SELECTOR = YES;
				GCC_WARN_UNINITIALIZED_AUTOS = YES_AGGRESSIVE;
				GCC_WARN_UNUSED_FUNCTION = YES;
				GCC_WARN_UNUSED_VARIABLE = YES;
				IPHONEOS_DEPLOYMENT_TARGET = 13.4;
				MTL_ENABLE_DEBUG_INFO = INCLUDE_SOURCE;
				MTL_FAST_MATH = YES;
				ONLY_ACTIVE_ARCH = YES;
				SDKROOT = iphoneos;
				SWIFT_ACTIVE_COMPILATION_CONDITIONS = DEBUG;
				SWIFT_OPTIMIZATION_LEVEL = "-Onone";
			};
			name = Debug;
		};
		5BA7D91A2439FFDE00E1BE36 /* Release */ = {
			isa = XCBuildConfiguration;
			buildSettings = {
				ALWAYS_SEARCH_USER_PATHS = NO;
				CLANG_ANALYZER_NONNULL = YES;
				CLANG_ANALYZER_NUMBER_OBJECT_CONVERSION = YES_AGGRESSIVE;
				CLANG_CXX_LANGUAGE_STANDARD = "gnu++14";
				CLANG_CXX_LIBRARY = "libc++";
				CLANG_ENABLE_MODULES = YES;
				CLANG_ENABLE_OBJC_ARC = YES;
				CLANG_ENABLE_OBJC_WEAK = YES;
				CLANG_WARN_BLOCK_CAPTURE_AUTORELEASING = YES;
				CLANG_WARN_BOOL_CONVERSION = YES;
				CLANG_WARN_COMMA = YES;
				CLANG_WARN_CONSTANT_CONVERSION = YES;
				CLANG_WARN_DEPRECATED_OBJC_IMPLEMENTATIONS = YES;
				CLANG_WARN_DIRECT_OBJC_ISA_USAGE = YES_ERROR;
				CLANG_WARN_DOCUMENTATION_COMMENTS = YES;
				CLANG_WARN_EMPTY_BODY = YES;
				CLANG_WARN_ENUM_CONVERSION = YES;
				CLANG_WARN_INFINITE_RECURSION = YES;
				CLANG_WARN_INT_CONVERSION = YES;
				CLANG_WARN_NON_LITERAL_NULL_CONVERSION = YES;
				CLANG_WARN_OBJC_IMPLICIT_RETAIN_SELF = YES;
				CLANG_WARN_OBJC_LITERAL_CONVERSION = YES;
				CLANG_WARN_OBJC_ROOT_CLASS = YES_ERROR;
				CLANG_WARN_RANGE_LOOP_ANALYSIS = YES;
				CLANG_WARN_STRICT_PROTOTYPES = YES;
				CLANG_WARN_SUSPICIOUS_MOVE = YES;
				CLANG_WARN_UNGUARDED_AVAILABILITY = YES_AGGRESSIVE;
				CLANG_WARN_UNREACHABLE_CODE = YES;
				CLANG_WARN__DUPLICATE_METHOD_MATCH = YES;
				COPY_PHASE_STRIP = NO;
				DEBUG_INFORMATION_FORMAT = "dwarf-with-dsym";
				ENABLE_NS_ASSERTIONS = NO;
				ENABLE_STRICT_OBJC_MSGSEND = YES;
				GCC_C_LANGUAGE_STANDARD = gnu11;
				GCC_NO_COMMON_BLOCKS = YES;
				GCC_WARN_64_TO_32_BIT_CONVERSION = YES;
				GCC_WARN_ABOUT_RETURN_TYPE = YES_ERROR;
				GCC_WARN_UNDECLARED_SELECTOR = YES;
				GCC_WARN_UNINITIALIZED_AUTOS = YES_AGGRESSIVE;
				GCC_WARN_UNUSED_FUNCTION = YES;
				GCC_WARN_UNUSED_VARIABLE = YES;
				IPHONEOS_DEPLOYMENT_TARGET = 13.4;
				MTL_ENABLE_DEBUG_INFO = NO;
				MTL_FAST_MATH = YES;
				SDKROOT = iphoneos;
				SWIFT_COMPILATION_MODE = wholemodule;
				SWIFT_OPTIMIZATION_LEVEL = "-O";
				VALIDATE_PRODUCT = YES;
			};
			name = Release;
		};
		5BA7D91C2439FFDE00E1BE36 /* Debug */ = {
			isa = XCBuildConfiguration;
			buildSettings = {
				ASSETCATALOG_COMPILER_APPICON_NAME = AppIcon;
				CODE_SIGN_STYLE = Automatic;
				INFOPLIST_FILE = ImageView/Info.plist;
				LD_RUNPATH_SEARCH_PATHS = (
					"$(inherited)",
					"@executable_path/Frameworks",
				);
				PRODUCT_BUNDLE_IDENTIFIER = "net.ho-co.ImageView";
				PRODUCT_NAME = "$(TARGET_NAME)";
				SWIFT_VERSION = 5.0;
				TARGETED_DEVICE_FAMILY = "1,2";
			};
			name = Debug;
		};
		5BA7D91D2439FFDE00E1BE36 /* Release */ = {
			isa = XCBuildConfiguration;
			buildSettings = {
				ASSETCATALOG_COMPILER_APPICON_NAME = AppIcon;
				CODE_SIGN_STYLE = Automatic;
				INFOPLIST_FILE = ImageView/Info.plist;
				LD_RUNPATH_SEARCH_PATHS = (
					"$(inherited)",
					"@executable_path/Frameworks",
				);
				PRODUCT_BUNDLE_IDENTIFIER = "net.ho-co.ImageView";
				PRODUCT_NAME = "$(TARGET_NAME)";
				SWIFT_VERSION = 5.0;
				TARGETED_DEVICE_FAMILY = "1,2";
			};
			name = Release;
		};
/* End XCBuildConfiguration section */

/* Begin XCConfigurationList section */
		5BA7D9022439FFDE00E1BE36 /* Build configuration list for PBXProject "ImageView" */ = {
			isa = XCConfigurationList;
			buildConfigurations = (
				5BA7D9192439FFDE00E1BE36 /* Debug */,
				5BA7D91A2439FFDE00E1BE36 /* Release */,
			);
			defaultConfigurationIsVisible = 0;
			defaultConfigurationName = Release;
		};
		5BA7D91B2439FFDE00E1BE36 /* Build configuration list for PBXNativeTarget "ImageView" */ = {
			isa = XCConfigurationList;
			buildConfigurations = (
				5BA7D91C2439FFDE00E1BE36 /* Debug */,
				5BA7D91D2439FFDE00E1BE36 /* Release */,
			);
			defaultConfigurationIsVisible = 0;
			defaultConfigurationName = Release;
		};
/* End XCConfigurationList section */
	};
	rootObject = 5BA7D8FF2439FFDE00E1BE36 /* Project object */;
}
